
Microsoft Visual Studio Solution File, Format Version 12.00
# Visual Studio Version 16
VisualStudioVersion = 16.6.30114.105
MinimumVisualStudioVersion = 10.0.40219.1
Project("{9A19103F-16F7-4668-BE54-9A1E7A4F7556}") = "R5T.R0001.Construction", "R5T.R0001.Construction\R5T.R0001.Construction.csproj", "{1E0AAC2F-B4C9-45F3-8AA1-932E80D441E7}"
EndProject
Project("{9A19103F-16F7-4668-BE54-9A1E7A4F7556}") = "R5T.R0001.TailwindUI", "R5T.R0001.TailwindUI\R5T.R0001.TailwindUI.csproj", "{81CE53D0-9A66-4065-80C6-0F7CD0FDBD49}"
EndProject
Project("{2150E333-8FDC-42A3-9474-1A3956D46DE8}") = "_Dependencies", "_Dependencies", "{59204D41-B8D9-43B9-9228-5EF67BAE5DC1}"
EndProject
Project("{9A19103F-16F7-4668-BE54-9A1E7A4F7556}") = "R5T.T0015", "..\..\R5T.T0015\source\R5T.T0015\R5T.T0015.csproj", "{3151F339-F29B-44E7-9323-CA7BC1EE0467}"
EndProject
Project("{9A19103F-16F7-4668-BE54-9A1E7A4F7556}") = "R5T.D0061.Base", "..\..\R5T.D0061\source\R5T.D0061.Base\R5T.D0061.Base.csproj", "{183BDDBE-5584-4ABC-B6BE-2267C7E02E80}"
EndProject
Project("{9A19103F-16F7-4668-BE54-9A1E7A4F7556}") = "R5T.L0009", "..\..\R5T.L0009\source\R5T.L0009\R5T.L0009.csproj", "{9FC5A9FE-2F08-4C94-9ECB-E07874604E25}"
EndProject
Project("{9A19103F-16F7-4668-BE54-9A1E7A4F7556}") = "R5T.Magyar", "..\..\R5T.Magyar\source\R5T.Magyar\R5T.Magyar.csproj", "{21DD527D-6FDC-4C80-99DE-AF7E10EFAFC8}"
EndProject
Project("{9A19103F-16F7-4668-BE54-9A1E7A4F7556}") = "R5T.T0016", "..\..\R5T.T0016\source\R5T.T0016\R5T.T0016.csproj", "{36AF47FA-E961-4F3C-90EE-D5FE7AFD08D5}"
EndProject
Project("{9A19103F-16F7-4668-BE54-9A1E7A4F7556}") = "R5T.L0009.Extensions", "..\..\R5T.L0009\source\R5T.L0009.Extensions\R5T.L0009.Extensions.csproj", "{62CEB4FD-8578-4DC7-A59D-DB31B99A04D3}"
EndProject
Project("{9A19103F-16F7-4668-BE54-9A1E7A4F7556}") = "R5T.L0010.Extensions", "..\..\R5T.L0010\source\R5T.L0010.Extensions\R5T.L0010.Extensions.csproj", "{C94F978E-7238-4408-A924-C2338535FFFC}"
EndProject
Project("{9A19103F-16F7-4668-BE54-9A1E7A4F7556}") = "R5T.L0010", "..\..\R5T.L0010\source\R5T.L0010\R5T.L0010.csproj", "{6BA90883-7496-4617-B992-79DCDD979235}"
EndProject
Global
	GlobalSection(SolutionConfigurationPlatforms) = preSolution
		Debug|Any CPU = Debug|Any CPU
		Debug|x64 = Debug|x64
		Debug|x86 = Debug|x86
		Release|Any CPU = Release|Any CPU
		Release|x64 = Release|x64
		Release|x86 = Release|x86
	EndGlobalSection
	GlobalSection(ProjectConfigurationPlatforms) = postSolution
		{1E0AAC2F-B4C9-45F3-8AA1-932E80D441E7}.Debug|Any CPU.ActiveCfg = Debug|Any CPU
		{1E0AAC2F-B4C9-45F3-8AA1-932E80D441E7}.Debug|Any CPU.Build.0 = Debug|Any CPU
		{1E0AAC2F-B4C9-45F3-8AA1-932E80D441E7}.Debug|x64.ActiveCfg = Debug|Any CPU
		{1E0AAC2F-B4C9-45F3-8AA1-932E80D441E7}.Debug|x64.Build.0 = Debug|Any CPU
		{1E0AAC2F-B4C9-45F3-8AA1-932E80D441E7}.Debug|x86.ActiveCfg = Debug|Any CPU
		{1E0AAC2F-B4C9-45F3-8AA1-932E80D441E7}.Debug|x86.Build.0 = Debug|Any CPU
		{1E0AAC2F-B4C9-45F3-8AA1-932E80D441E7}.Release|Any CPU.ActiveCfg = Release|Any CPU
		{1E0AAC2F-B4C9-45F3-8AA1-932E80D441E7}.Release|Any CPU.Build.0 = Release|Any CPU
		{1E0AAC2F-B4C9-45F3-8AA1-932E80D441E7}.Release|x64.ActiveCfg = Release|Any CPU
		{1E0AAC2F-B4C9-45F3-8AA1-932E80D441E7}.Release|x64.Build.0 = Release|Any CPU
		{1E0AAC2F-B4C9-45F3-8AA1-932E80D441E7}.Release|x86.ActiveCfg = Release|Any CPU
		{1E0AAC2F-B4C9-45F3-8AA1-932E80D441E7}.Release|x86.Build.0 = Release|Any CPU
		{81CE53D0-9A66-4065-80C6-0F7CD0FDBD49}.Debug|Any CPU.ActiveCfg = Debug|Any CPU
		{81CE53D0-9A66-4065-80C6-0F7CD0FDBD49}.Debug|Any CPU.Build.0 = Debug|Any CPU
		{81CE53D0-9A66-4065-80C6-0F7CD0FDBD49}.Debug|x64.ActiveCfg = Debug|Any CPU
		{81CE53D0-9A66-4065-80C6-0F7CD0FDBD49}.Debug|x64.Build.0 = Debug|Any CPU
		{81CE53D0-9A66-4065-80C6-0F7CD0FDBD49}.Debug|x86.ActiveCfg = Debug|Any CPU
		{81CE53D0-9A66-4065-80C6-0F7CD0FDBD49}.Debug|x86.Build.0 = Debug|Any CPU
		{81CE53D0-9A66-4065-80C6-0F7CD0FDBD49}.Release|Any CPU.ActiveCfg = Release|Any CPU
		{81CE53D0-9A66-4065-80C6-0F7CD0FDBD49}.Release|Any CPU.Build.0 = Release|Any CPU
		{81CE53D0-9A66-4065-80C6-0F7CD0FDBD49}.Release|x64.ActiveCfg = Release|Any CPU
		{81CE53D0-9A66-4065-80C6-0F7CD0FDBD49}.Release|x64.Build.0 = Release|Any CPU
		{81CE53D0-9A66-4065-80C6-0F7CD0FDBD49}.Release|x86.ActiveCfg = Release|Any CPU
		{81CE53D0-9A66-4065-80C6-0F7CD0FDBD49}.Release|x86.Build.0 = Release|Any CPU
		{3151F339-F29B-44E7-9323-CA7BC1EE0467}.Debug|Any CPU.ActiveCfg = Debug|Any CPU
		{3151F339-F29B-44E7-9323-CA7BC1EE0467}.Debug|Any CPU.Build.0 = Debug|Any CPU
		{3151F339-F29B-44E7-9323-CA7BC1EE0467}.Debug|x64.ActiveCfg = Debug|Any CPU
		{3151F339-F29B-44E7-9323-CA7BC1EE0467}.Debug|x64.Build.0 = Debug|Any CPU
		{3151F339-F29B-44E7-9323-CA7BC1EE0467}.Debug|x86.ActiveCfg = Debug|Any CPU
		{3151F339-F29B-44E7-9323-CA7BC1EE0467}.Debug|x86.Build.0 = Debug|Any CPU
		{3151F339-F29B-44E7-9323-CA7BC1EE0467}.Release|Any CPU.ActiveCfg = Release|Any CPU
		{3151F339-F29B-44E7-9323-CA7BC1EE0467}.Release|Any CPU.Build.0 = Release|Any CPU
		{3151F339-F29B-44E7-9323-CA7BC1EE0467}.Release|x64.ActiveCfg = Release|Any CPU
		{3151F339-F29B-44E7-9323-CA7BC1EE0467}.Release|x64.Build.0 = Release|Any CPU
		{3151F339-F29B-44E7-9323-CA7BC1EE0467}.Release|x86.ActiveCfg = Release|Any CPU
		{3151F339-F29B-44E7-9323-CA7BC1EE0467}.Release|x86.Build.0 = Release|Any CPU
		{183BDDBE-5584-4ABC-B6BE-2267C7E02E80}.Debug|Any CPU.ActiveCfg = Debug|Any CPU
		{183BDDBE-5584-4ABC-B6BE-2267C7E02E80}.Debug|Any CPU.Build.0 = Debug|Any CPU
		{183BDDBE-5584-4ABC-B6BE-2267C7E02E80}.Debug|x64.ActiveCfg = Debug|Any CPU
		{183BDDBE-5584-4ABC-B6BE-2267C7E02E80}.Debug|x64.Build.0 = Debug|Any CPU
		{183BDDBE-5584-4ABC-B6BE-2267C7E02E80}.Debug|x86.ActiveCfg = Debug|Any CPU
		{183BDDBE-5584-4ABC-B6BE-2267C7E02E80}.Debug|x86.Build.0 = Debug|Any CPU
		{183BDDBE-5584-4ABC-B6BE-2267C7E02E80}.Release|Any CPU.ActiveCfg = Release|Any CPU
		{183BDDBE-5584-4ABC-B6BE-2267C7E02E80}.Release|Any CPU.Build.0 = Release|Any CPU
		{183BDDBE-5584-4ABC-B6BE-2267C7E02E80}.Release|x64.ActiveCfg = Release|Any CPU
		{183BDDBE-5584-4ABC-B6BE-2267C7E02E80}.Release|x64.Build.0 = Release|Any CPU
		{183BDDBE-5584-4ABC-B6BE-2267C7E02E80}.Release|x86.ActiveCfg = Release|Any CPU
		{183BDDBE-5584-4ABC-B6BE-2267C7E02E80}.Release|x86.Build.0 = Release|Any CPU
		{9FC5A9FE-2F08-4C94-9ECB-E07874604E25}.Debug|Any CPU.ActiveCfg = Debug|Any CPU
		{9FC5A9FE-2F08-4C94-9ECB-E07874604E25}.Debug|Any CPU.Build.0 = Debug|Any CPU
		{9FC5A9FE-2F08-4C94-9ECB-E07874604E25}.Debug|x64.ActiveCfg = Debug|Any CPU
		{9FC5A9FE-2F08-4C94-9ECB-E07874604E25}.Debug|x64.Build.0 = Debug|Any CPU
		{9FC5A9FE-2F08-4C94-9ECB-E07874604E25}.Debug|x86.ActiveCfg = Debug|Any CPU
		{9FC5A9FE-2F08-4C94-9ECB-E07874604E25}.Debug|x86.Build.0 = Debug|Any CPU
		{9FC5A9FE-2F08-4C94-9ECB-E07874604E25}.Release|Any CPU.ActiveCfg = Release|Any CPU
		{9FC5A9FE-2F08-4C94-9ECB-E07874604E25}.Release|Any CPU.Build.0 = Release|Any CPU
		{9FC5A9FE-2F08-4C94-9ECB-E07874604E25}.Release|x64.ActiveCfg = Release|Any CPU
		{9FC5A9FE-2F08-4C94-9ECB-E07874604E25}.Release|x64.Build.0 = Release|Any CPU
		{9FC5A9FE-2F08-4C94-9ECB-E07874604E25}.Release|x86.ActiveCfg = Release|Any CPU
		{9FC5A9FE-2F08-4C94-9ECB-E07874604E25}.Release|x86.Build.0 = Release|Any CPU
		{21DD527D-6FDC-4C80-99DE-AF7E10EFAFC8}.Debug|Any CPU.ActiveCfg = Debug|Any CPU
		{21DD527D-6FDC-4C80-99DE-AF7E10EFAFC8}.Debug|Any CPU.Build.0 = Debug|Any CPU
		{21DD527D-6FDC-4C80-99DE-AF7E10EFAFC8}.Debug|x64.ActiveCfg = Debug|Any CPU
		{21DD527D-6FDC-4C80-99DE-AF7E10EFAFC8}.Debug|x64.Build.0 = Debug|Any CPU
		{21DD527D-6FDC-4C80-99DE-AF7E10EFAFC8}.Debug|x86.ActiveCfg = Debug|Any CPU
		{21DD527D-6FDC-4C80-99DE-AF7E10EFAFC8}.Debug|x86.Build.0 = Debug|Any CPU
		{21DD527D-6FDC-4C80-99DE-AF7E10EFAFC8}.Release|Any CPU.ActiveCfg = Release|Any CPU
		{21DD527D-6FDC-4C80-99DE-AF7E10EFAFC8}.Release|Any CPU.Build.0 = Release|Any CPU
		{21DD527D-6FDC-4C80-99DE-AF7E10EFAFC8}.Release|x64.ActiveCfg = Release|Any CPU
		{21DD527D-6FDC-4C80-99DE-AF7E10EFAFC8}.Release|x64.Build.0 = Release|Any CPU
		{21DD527D-6FDC-4C80-99DE-AF7E10EFAFC8}.Release|x86.ActiveCfg = Release|Any CPU
		{21DD527D-6FDC-4C80-99DE-AF7E10EFAFC8}.Release|x86.Build.0 = Release|Any CPU
		{36AF47FA-E961-4F3C-90EE-D5FE7AFD08D5}.Debug|Any CPU.ActiveCfg = Debug|Any CPU
		{36AF47FA-E961-4F3C-90EE-D5FE7AFD08D5}.Debug|Any CPU.Build.0 = Debug|Any CPU
		{36AF47FA-E961-4F3C-90EE-D5FE7AFD08D5}.Debug|x64.ActiveCfg = Debug|Any CPU
		{36AF47FA-E961-4F3C-90EE-D5FE7AFD08D5}.Debug|x64.Build.0 = Debug|Any CPU
		{36AF47FA-E961-4F3C-90EE-D5FE7AFD08D5}.Debug|x86.ActiveCfg = Debug|Any CPU
		{36AF47FA-E961-4F3C-90EE-D5FE7AFD08D5}.Debug|x86.Build.0 = Debug|Any CPU
		{36AF47FA-E961-4F3C-90EE-D5FE7AFD08D5}.Release|Any CPU.ActiveCfg = Release|Any CPU
		{36AF47FA-E961-4F3C-90EE-D5FE7AFD08D5}.Release|Any CPU.Build.0 = Release|Any CPU
		{36AF47FA-E961-4F3C-90EE-D5FE7AFD08D5}.Release|x64.ActiveCfg = Release|Any CPU
		{36AF47FA-E961-4F3C-90EE-D5FE7AFD08D5}.Release|x64.Build.0 = Release|Any CPU
		{36AF47FA-E961-4F3C-90EE-D5FE7AFD08D5}.Release|x86.ActiveCfg = Release|Any CPU
		{36AF47FA-E961-4F3C-90EE-D5FE7AFD08D5}.Release|x86.Build.0 = Release|Any CPU
		{62CEB4FD-8578-4DC7-A59D-DB31B99A04D3}.Debug|Any CPU.ActiveCfg = Debug|Any CPU
		{62CEB4FD-8578-4DC7-A59D-DB31B99A04D3}.Debug|Any CPU.Build.0 = Debug|Any CPU
		{62CEB4FD-8578-4DC7-A59D-DB31B99A04D3}.Debug|x64.ActiveCfg = Debug|Any CPU
		{62CEB4FD-8578-4DC7-A59D-DB31B99A04D3}.Debug|x64.Build.0 = Debug|Any CPU
		{62CEB4FD-8578-4DC7-A59D-DB31B99A04D3}.Debug|x86.ActiveCfg = Debug|Any CPU
		{62CEB4FD-8578-4DC7-A59D-DB31B99A04D3}.Debug|x86.Build.0 = Debug|Any CPU
		{62CEB4FD-8578-4DC7-A59D-DB31B99A04D3}.Release|Any CPU.ActiveCfg = Release|Any CPU
		{62CEB4FD-8578-4DC7-A59D-DB31B99A04D3}.Release|Any CPU.Build.0 = Release|Any CPU
		{62CEB4FD-8578-4DC7-A59D-DB31B99A04D3}.Release|x64.ActiveCfg = Release|Any CPU
		{62CEB4FD-8578-4DC7-A59D-DB31B99A04D3}.Release|x64.Build.0 = Release|Any CPU
		{62CEB4FD-8578-4DC7-A59D-DB31B99A04D3}.Release|x86.ActiveCfg = Release|Any CPU
		{62CEB4FD-8578-4DC7-A59D-DB31B99A04D3}.Release|x86.Build.0 = Release|Any CPU
		{C94F978E-7238-4408-A924-C2338535FFFC}.Debug|Any CPU.ActiveCfg = Debug|Any CPU
		{C94F978E-7238-4408-A924-C2338535FFFC}.Debug|Any CPU.Build.0 = Debug|Any CPU
		{C94F978E-7238-4408-A924-C2338535FFFC}.Debug|x64.ActiveCfg = Debug|Any CPU
		{C94F978E-7238-4408-A924-C2338535FFFC}.Debug|x64.Build.0 = Debug|Any CPU
		{C94F978E-7238-4408-A924-C2338535FFFC}.Debug|x86.ActiveCfg = Debug|Any CPU
		{C94F978E-7238-4408-A924-C2338535FFFC}.Debug|x86.Build.0 = Debug|Any CPU
		{C94F978E-7238-4408-A924-C2338535FFFC}.Release|Any CPU.ActiveCfg = Release|Any CPU
		{C94F978E-7238-4408-A924-C2338535FFFC}.Release|Any CPU.Build.0 = Release|Any CPU
		{C94F978E-7238-4408-A924-C2338535FFFC}.Release|x64.ActiveCfg = Release|Any CPU
		{C94F978E-7238-4408-A924-C2338535FFFC}.Release|x64.Build.0 = Release|Any CPU
		{C94F978E-7238-4408-A924-C2338535FFFC}.Release|x86.ActiveCfg = Release|Any CPU
		{C94F978E-7238-4408-A924-C2338535FFFC}.Release|x86.Build.0 = Release|Any CPU
		{6BA90883-7496-4617-B992-79DCDD979235}.Debug|Any CPU.ActiveCfg = Debug|Any CPU
		{6BA90883-7496-4617-B992-79DCDD979235}.Debug|Any CPU.Build.0 = Debug|Any CPU
		{6BA90883-7496-4617-B992-79DCDD979235}.Debug|x64.ActiveCfg = Debug|Any CPU
		{6BA90883-7496-4617-B992-79DCDD979235}.Debug|x64.Build.0 = Debug|Any CPU
		{6BA90883-7496-4617-B992-79DCDD979235}.Debug|x86.ActiveCfg = Debug|Any CPU
		{6BA90883-7496-4617-B992-79DCDD979235}.Debug|x86.Build.0 = Debug|Any CPU
		{6BA90883-7496-4617-B992-79DCDD979235}.Release|Any CPU.ActiveCfg = Release|Any CPU
		{6BA90883-7496-4617-B992-79DCDD979235}.Release|Any CPU.Build.0 = Release|Any CPU
		{6BA90883-7496-4617-B992-79DCDD979235}.Release|x64.ActiveCfg = Release|Any CPU
		{6BA90883-7496-4617-B992-79DCDD979235}.Release|x64.Build.0 = Release|Any CPU
		{6BA90883-7496-4617-B992-79DCDD979235}.Release|x86.ActiveCfg = Release|Any CPU
		{6BA90883-7496-4617-B992-79DCDD979235}.Release|x86.Build.0 = Release|Any CPU
	EndGlobalSection
	GlobalSection(SolutionProperties) = preSolution
		HideSolutionNode = FALSE
	EndGlobalSection
	GlobalSection(NestedProjects) = preSolution
		{3151F339-F29B-44E7-9323-CA7BC1EE0467} = {59204D41-B8D9-43B9-9228-5EF67BAE5DC1}
		{183BDDBE-5584-4ABC-B6BE-2267C7E02E80} = {59204D41-B8D9-43B9-9228-5EF67BAE5DC1}
		{9FC5A9FE-2F08-4C94-9ECB-E07874604E25} = {59204D41-B8D9-43B9-9228-5EF67BAE5DC1}
		{21DD527D-6FDC-4C80-99DE-AF7E10EFAFC8} = {59204D41-B8D9-43B9-9228-5EF67BAE5DC1}
		{36AF47FA-E961-4F3C-90EE-D5FE7AFD08D5} = {59204D41-B8D9-43B9-9228-5EF67BAE5DC1}
		{62CEB4FD-8578-4DC7-A59D-DB31B99A04D3} = {59204D41-B8D9-43B9-9228-5EF67BAE5DC1}
		{C94F978E-7238-4408-A924-C2338535FFFC} = {59204D41-B8D9-43B9-9228-5EF67BAE5DC1}
		{6BA90883-7496-4617-B992-79DCDD979235} = {59204D41-B8D9-43B9-9228-5EF67BAE5DC1}
	EndGlobalSection
	GlobalSection(ExtensibilityGlobals) = postSolution
		SolutionGuid = {29AD414A-D4F0-4897-B617-E0DECEDE3AF0}
	EndGlobalSection
EndGlobal
